{
  "version": "5",
  "specifiers": {
    "jsr:@coven/constants@~0.8.5": "0.8.5",
    "jsr:@coven/memo@~0.8.5": "0.8.5",
    "jsr:@coven/terminal@~0.8.5": "0.8.5",
    "jsr:@std/assert@^1.0.17": "1.0.17",
    "jsr:@std/async@^1.1.0": "1.1.0",
    "jsr:@std/dotenv@~0.225.6": "0.225.6",
    "jsr:@std/fs@^1.0.22": "1.0.22",
    "jsr:@std/internal@^1.0.12": "1.0.12",
    "jsr:@std/path@^1.1.4": "1.1.4",
    "npm:@discordjs/voice@0.19": "0.19.0_ffmpeg-static@5.3.0_bufferutil@4.1.0",
    "npm:@snazzah/davey@~0.1.9": "0.1.9",
    "npm:@types/node@*": "10.17.60",
    "npm:@types/pg@^8.16.0": "8.16.0",
    "npm:bufferutil@^4.1.0": "4.1.0",
    "npm:discord.js@^14.25.1": "14.25.1_bufferutil@4.1.0",
    "npm:ffmpeg-static@^5.3.0": "5.3.0",
    "npm:pg@^8.17.2": "8.17.2",
    "npm:sodium@^3.0.2": "3.0.2",
    "npm:zlib-sync@~0.1.10": "0.1.10"
  },
  "jsr": {
    "@coven/constants@0.8.5": {
      "integrity": "f722c8f1e44fe31b654f1e97bba5d8a62cf1bb2bc1212835675dc6d190becfc7"
    },
    "@coven/memo@0.8.5": {
      "integrity": "e5d0b0705b71c25f7892a989f6e76a59727a691a8b265263008881ad1c5aaf34",
      "dependencies": [
        "jsr:@coven/constants"
      ]
    },
    "@coven/terminal@0.8.5": {
      "integrity": "3b02baa6a087e13d9e7d13d8589a3ce496cb13eaca5d96a8dd533ac87bafb96d",
      "dependencies": [
        "jsr:@coven/memo"
      ]
    },
    "@std/assert@1.0.17": {
      "integrity": "df5ebfffe77c03b3fa1401e11c762cc8f603d51021c56c4d15a8c7ab45e90dbe",
      "dependencies": [
        "jsr:@std/internal"
      ]
    },
    "@std/async@1.1.0": {
      "integrity": "72418df08d1be84668a53e48aab3520d68ae6882182f8a5ca75c6d1f087220d1"
    },
    "@std/dotenv@0.225.6": {
      "integrity": "1d6f9db72f565bd26790fa034c26e45ecb260b5245417be76c2279e5734c421b"
    },
    "@std/fs@1.0.22": {
      "integrity": "de0f277a58a867147a8a01bc1b181d0dfa80bfddba8c9cf2bacd6747bcec9308",
      "dependencies": [
        "jsr:@std/internal",
        "jsr:@std/path"
      ]
    },
    "@std/internal@1.0.12": {
      "integrity": "972a634fd5bc34b242024402972cd5143eac68d8dffaca5eaa4dba30ce17b027"
    },
    "@std/path@1.1.4": {
      "integrity": "1d2d43f39efb1b42f0b1882a25486647cb851481862dc7313390b2bb044314b5",
      "dependencies": [
        "jsr:@std/internal"
      ]
    }
  },
  "npm": {
    "@derhuerst/http-basic@8.2.4": {
      "integrity": "sha512-F9rL9k9Xjf5blCz8HsJRO4diy111cayL2vkY2XE4r4t3n0yPXVYy3KD3nJ1qbrSn9743UWSXH4IwuCa/HWlGFw==",
      "dependencies": [
        "caseless",
        "concat-stream",
        "http-response-object",
        "parse-cache-control"
      ]
    },
    "@discordjs/builders@1.13.1": {
      "integrity": "sha512-cOU0UDHc3lp/5nKByDxkmRiNZBpdp0kx55aarbiAfakfKJHlxv/yFW1zmIqCAmwH5CRlrH9iMFKJMpvW4DPB+w==",
      "dependencies": [
        "@discordjs/formatters",
        "@discordjs/util",
        "@sapphire/shapeshift",
        "discord-api-types",
        "fast-deep-equal",
        "ts-mixer",
        "tslib"
      ]
    },
    "@discordjs/collection@1.5.3": {
      "integrity": "sha512-SVb428OMd3WO1paV3rm6tSjM4wC+Kecaa1EUGX7vc6/fddvw/6lg90z4QtCqm21zvVe92vMMDt9+DkIvjXImQQ=="
    },
    "@discordjs/collection@2.1.1": {
      "integrity": "sha512-LiSusze9Tc7qF03sLCujF5iZp7K+vRNEDBZ86FT9aQAv3vxMLihUvKvpsCWiQ2DJq1tVckopKm1rxomgNUc9hg=="
    },
    "@discordjs/formatters@0.6.2": {
      "integrity": "sha512-y4UPwWhH6vChKRkGdMB4odasUbHOUwy7KL+OVwF86PvT6QVOwElx+TiI1/6kcmcEe+g5YRXJFiXSXUdabqZOvQ==",
      "dependencies": [
        "discord-api-types"
      ]
    },
    "@discordjs/rest@2.6.0": {
      "integrity": "sha512-RDYrhmpB7mTvmCKcpj+pc5k7POKszS4E2O9TYc+U+Y4iaCP+r910QdO43qmpOja8LRr1RJ0b3U+CqVsnPqzf4w==",
      "dependencies": [
        "@discordjs/collection@2.1.1",
        "@discordjs/util",
        "@sapphire/async-queue",
        "@sapphire/snowflake",
        "@vladfrangu/async_event_emitter",
        "discord-api-types",
        "magic-bytes.js",
        "tslib",
        "undici"
      ]
    },
    "@discordjs/util@1.2.0": {
      "integrity": "sha512-3LKP7F2+atl9vJFhaBjn4nOaSWahZ/yWjOvA4e5pnXkt2qyXRCHLxoBQy81GFtLGCq7K9lPm9R517M1U+/90Qg==",
      "dependencies": [
        "discord-api-types"
      ]
    },
    "@discordjs/voice@0.19.0_ffmpeg-static@5.3.0_bufferutil@4.1.0": {
      "integrity": "sha512-UyX6rGEXzVyPzb1yvjHtPfTlnLvB5jX/stAMdiytHhfoydX+98hfympdOwsnTktzr+IRvphxTbdErgYDJkEsvw==",
      "dependencies": [
        "@types/ws",
        "discord-api-types",
        "prism-media",
        "tslib",
        "ws"
      ]
    },
    "@discordjs/ws@1.2.3_bufferutil@4.1.0": {
      "integrity": "sha512-wPlQDxEmlDg5IxhJPuxXr3Vy9AjYq5xCvFWGJyD7w7Np8ZGu+Mc+97LCoEc/+AYCo2IDpKioiH0/c/mj5ZR9Uw==",
      "dependencies": [
        "@discordjs/collection@2.1.1",
        "@discordjs/rest",
        "@discordjs/util",
        "@sapphire/async-queue",
        "@types/ws",
        "@vladfrangu/async_event_emitter",
        "discord-api-types",
        "tslib",
        "ws"
      ]
    },
    "@emnapi/core@1.7.1": {
      "integrity": "sha512-o1uhUASyo921r2XtHYOHy7gdkGLge8ghBEQHMWmyJFoXlpU58kIrhhN3w26lpQb6dspetweapMn2CSNwQ8I4wg==",
      "dependencies": [
        "@emnapi/wasi-threads",
        "tslib"
      ]
    },
    "@emnapi/runtime@1.7.1": {
      "integrity": "sha512-PVtJr5CmLwYAU9PZDMITZoR5iAOShYREoR45EyyLrbntV50mdePTgUn4AmOw90Ifcj+x2kRjdzr1HP3RrNiHGA==",
      "dependencies": [
        "tslib"
      ]
    },
    "@emnapi/wasi-threads@1.1.0": {
      "integrity": "sha512-WI0DdZ8xFSbgMjR1sFsKABJ/C5OnRrjT06JXbZKexJGrDuPTzZdDYfFlsgcCXCyf+suG5QU2e/y1Wo2V/OapLQ==",
      "dependencies": [
        "tslib"
      ]
    },
    "@napi-rs/wasm-runtime@1.1.0": {
      "integrity": "sha512-Fq6DJW+Bb5jaWE69/qOE0D1TUN9+6uWhCeZpdnSBk14pjLcCWR7Q8n49PTSPHazM37JqrsdpEthXy2xn6jWWiA==",
      "dependencies": [
        "@emnapi/core",
        "@emnapi/runtime",
        "@tybys/wasm-util"
      ]
    },
    "@sapphire/async-queue@1.5.5": {
      "integrity": "sha512-cvGzxbba6sav2zZkH8GPf2oGk9yYoD5qrNWdu9fRehifgnFZJMV+nuy2nON2roRO4yQQ+v7MK/Pktl/HgfsUXg=="
    },
    "@sapphire/shapeshift@4.0.0": {
      "integrity": "sha512-d9dUmWVA7MMiKobL3VpLF8P2aeanRTu6ypG2OIaEv/ZHH/SUQ2iHOVyi5wAPjQ+HmnMuL0whK9ez8I/raWbtIg==",
      "dependencies": [
        "fast-deep-equal",
        "lodash"
      ]
    },
    "@sapphire/snowflake@3.5.3": {
      "integrity": "sha512-jjmJywLAFoWeBi1W7994zZyiNWPIiqRRNAmSERxyg93xRGzNYvGjlZ0gR6x0F4gPRi2+0O6S71kOZYyr3cxaIQ=="
    },
    "@snazzah/davey-android-arm-eabi@0.1.9": {
      "integrity": "sha512-Dq0WyeVGBw+uQbisV/6PeCQV2ndJozfhZqiNIfQxu6ehIdXB7iHILv+oY+AQN2n+qxiFmLh/MOX9RF+pIWdPbA==",
      "os": ["android"],
      "cpu": ["arm"]
    },
    "@snazzah/davey-android-arm64@0.1.9": {
      "integrity": "sha512-OE16OZjv7F/JrD7Mzw5eL2gY2vXRPC8S7ZrmkcMyz/sHHJsGHlT+L7X5s56Bec1YDTVmzAsH4UBuvVBoXuIWEQ==",
      "os": ["android"],
      "cpu": ["arm64"]
    },
    "@snazzah/davey-darwin-arm64@0.1.9": {
      "integrity": "sha512-z7oORvAPExikFkH6tvHhbUdZd77MYZp9VqbCpKEiI+sisWFVXgHde7F7iH3G4Bz6gUYJfgvKhWXiDRc+0SC4dg==",
      "os": ["darwin"],
      "cpu": ["arm64"]
    },
    "@snazzah/davey-darwin-x64@0.1.9": {
      "integrity": "sha512-f1LzGyRGlM414KpXml3OgWVSd7CgylcdYaFj/zDBb8bvWjxyvsI9iMeuPfe/cduloxRj8dELde/yCDZtFR6PdQ==",
      "os": ["darwin"],
      "cpu": ["x64"]
    },
    "@snazzah/davey-freebsd-x64@0.1.9": {
      "integrity": "sha512-k6p3JY2b8rD6j0V9Ql7kBUMR4eJdcpriNwiHltLzmtGuz/nK5RGQdkEP68gTLc+Uj3xs5Cy0jRKmv2xJQBR4sA==",
      "os": ["freebsd"],
      "cpu": ["x64"]
    },
    "@snazzah/davey-linux-arm-gnueabihf@0.1.9": {
      "integrity": "sha512-xDaAFUC/1+n/YayNwKsqKOBMuW0KI6F0SjgWU+krYTQTVmAKNjOM80IjemrVoqTpBOxBsT80zEtct2wj11CE3Q==",
      "os": ["linux"],
      "cpu": ["arm"]
    },
    "@snazzah/davey-linux-arm64-gnu@0.1.9": {
      "integrity": "sha512-t1VxFBzWExPNpsNY/9oStdAAuHqFvwZvIO2YPYyVNstxfi2KmAbHMweHUW7xb2ppXuhVQZ4VGmmeXiXcXqhPBw==",
      "os": ["linux"],
      "cpu": ["arm64"]
    },
    "@snazzah/davey-linux-arm64-musl@0.1.9": {
      "integrity": "sha512-Xvlr+nBPzuFV4PXHufddlt08JsEyu0p8mX2DpqdPxdpysYIH4I8V86yJiS4tk04a6pLBDd8IxTbBwvXJKqd/LQ==",
      "os": ["linux"],
      "cpu": ["arm64"]
    },
    "@snazzah/davey-linux-x64-gnu@0.1.9": {
      "integrity": "sha512-6Uunc/NxiEkg1reroAKZAGfOtjl1CGa7hfTTVClb2f+DiA8ZRQWBh+3lgkq/0IeL262B4F14X8QRv5Bsv128qw==",
      "os": ["linux"],
      "cpu": ["x64"]
    },
    "@snazzah/davey-linux-x64-musl@0.1.9": {
      "integrity": "sha512-fFQ/n3aWt1lXhxSdy+Ge3gi5bR3VETMVsWhH0gwBALUKrbo3ZzgSktm4lNrXE9i0ncMz/CDpZ5i0wt/N3XphEQ==",
      "os": ["linux"],
      "cpu": ["x64"]
    },
    "@snazzah/davey-wasm32-wasi@0.1.9": {
      "integrity": "sha512-xWvzej8YCVlUvzlpmqJMIf0XmLlHqulKZ2e7WNe2TxQmsK+o0zTZqiQYs2MwaEbrNXBhYlHDkdpuwoXkJdscNQ==",
      "dependencies": [
        "@napi-rs/wasm-runtime"
      ],
      "cpu": ["wasm32"]
    },
    "@snazzah/davey-win32-arm64-msvc@0.1.9": {
      "integrity": "sha512-sTqry/DfltX2OdW1CTLKa3dFYN5FloAEb2yhGsY1i5+Bms6OhwByXfALvyMHYVo61Th2+sD+9BJpQffHFKDA3w==",
      "os": ["win32"],
      "cpu": ["arm64"]
    },
    "@snazzah/davey-win32-ia32-msvc@0.1.9": {
      "integrity": "sha512-twD3LwlkGnSwphsCtpGb5ztpBIWEvGdc0iujoVkdzZ6nJiq5p8iaLjJMO4hBm9h3s28fc+1Qd7AMVnagiOasnA==",
      "os": ["win32"],
      "cpu": ["ia32"]
    },
    "@snazzah/davey-win32-x64-msvc@0.1.9": {
      "integrity": "sha512-eMnXbv4GoTngWYY538i/qHz2BS+RgSXFsvKltPzKqnqzPzhQZIY7TemEJn3D5yWGfW4qHve9u23rz93FQqnQMA==",
      "os": ["win32"],
      "cpu": ["x64"]
    },
    "@snazzah/davey@0.1.9": {
      "integrity": "sha512-vNZk5y+IsxjwzTAXikvzz5pqMLb35YytC64nVF2MAFVhjpXu9ITOKUriZ0JG/llwzCAi56jb5x0cXDRIyE2A2A==",
      "optionalDependencies": [
        "@snazzah/davey-android-arm-eabi",
        "@snazzah/davey-android-arm64",
        "@snazzah/davey-darwin-arm64",
        "@snazzah/davey-darwin-x64",
        "@snazzah/davey-freebsd-x64",
        "@snazzah/davey-linux-arm-gnueabihf",
        "@snazzah/davey-linux-arm64-gnu",
        "@snazzah/davey-linux-arm64-musl",
        "@snazzah/davey-linux-x64-gnu",
        "@snazzah/davey-linux-x64-musl",
        "@snazzah/davey-wasm32-wasi",
        "@snazzah/davey-win32-arm64-msvc",
        "@snazzah/davey-win32-ia32-msvc",
        "@snazzah/davey-win32-x64-msvc"
      ]
    },
    "@tybys/wasm-util@0.10.1": {
      "integrity": "sha512-9tTaPJLSiejZKx+Bmog4uSubteqTvFrVrURwkmHixBo0G4seD0zUxp98E1DzUBJxLQ3NPwXrGKDiVjwx/DpPsg==",
      "dependencies": [
        "tslib"
      ]
    },
    "@types/node@10.17.60": {
      "integrity": "sha512-F0KIgDJfy2nA3zMLmWGKxcH2ZVEtCZXHHdOQs2gSaQ27+lNeEfGxzkIw90aXswATX7AZ33tahPbzy6KAfUreVw=="
    },
    "@types/pg@8.16.0": {
      "integrity": "sha512-RmhMd/wD+CF8Dfo+cVIy3RR5cl8CyfXQ0tGgW6XBL8L4LM/UTEbNXYRbLwU6w+CgrKBNbrQWt4FUtTfaU5jSYQ==",
      "dependencies": [
        "@types/node",
        "pg-protocol",
        "pg-types"
      ]
    },
    "@types/ws@8.18.1": {
      "integrity": "sha512-ThVF6DCVhA8kUGy+aazFQ4kXQ7E1Ty7A3ypFOe0IcJV8O/M511G99AW24irKrW56Wt44yG9+ij8FaqoBGkuBXg==",
      "dependencies": [
        "@types/node"
      ]
    },
    "@vladfrangu/async_event_emitter@2.4.7": {
      "integrity": "sha512-Xfe6rpCTxSxfbswi/W/Pz7zp1WWSNn4A0eW4mLkQUewCrXXtMj31lCg+iQyTkh/CkusZSq9eDflu7tjEDXUY6g=="
    },
    "agent-base@6.0.2": {
      "integrity": "sha512-RZNwNclF7+MS/8bDg70amg32dyeZGZxiDuQmZxKLAlQjr3jGyLx+4Kkk58UO7D2QdgFIQCovuSuZESne6RG6XQ==",
      "dependencies": [
        "debug"
      ]
    },
    "buffer-from@1.1.2": {
      "integrity": "sha512-E+XQCRwSbaaiChtv6k6Dwgc+bx+Bs6vuKJHHl5kox/BaKbhiXzqQOwK4cO22yElGp2OCmjwVhT3HmxgyPGnJfQ=="
    },
    "bufferutil@4.1.0": {
      "integrity": "sha512-ZMANVnAixE6AWWnPzlW2KpUrxhm9woycYvPOo67jWHyFowASTEd9s+QN1EIMsSDtwhIxN4sWE1jotpuDUIgyIw==",
      "dependencies": [
        "node-gyp-build"
      ],
      "scripts": true
    },
    "caseless@0.12.0": {
      "integrity": "sha512-4tYFyifaFfGacoiObjJegolkwSU4xQNGbVgUiNYVUxbQ2x2lUsFvY4hVgVzGiIe6WLOPqycWXA40l+PWsxthUw=="
    },
    "concat-stream@2.0.0": {
      "integrity": "sha512-MWufYdFw53ccGjCA+Ol7XJYpAlW6/prSMzuPOTRnJGcGzuhLn4Scrz7qf6o8bROZ514ltazcIFJZevcfbo0x7A==",
      "dependencies": [
        "buffer-from",
        "inherits",
        "readable-stream",
        "typedarray"
      ]
    },
    "debug@4.4.3": {
      "integrity": "sha512-RGwwWnwQvkVfavKVt22FGLw+xYSdzARwm0ru6DhTVA3umU5hZc28V3kO4stgYryrTlLpuvgI9GiijltAjNbcqA==",
      "dependencies": [
        "ms"
      ]
    },
    "discord-api-types@0.38.36": {
      "integrity": "sha512-qrbUbjjwtyeBg5HsAlm1C859epfOyiLjPqAOzkdWlCNsZCWJrertnETF/NwM8H+waMFU58xGSc5eXUfXah+WTQ=="
    },
    "discord.js@14.25.1_bufferutil@4.1.0": {
      "integrity": "sha512-2l0gsPOLPs5t6GFZfQZKnL1OJNYFcuC/ETWsW4VtKVD/tg4ICa9x+jb9bkPffkMdRpRpuUaO/fKkHCBeiCKh8g==",
      "dependencies": [
        "@discordjs/builders",
        "@discordjs/collection@1.5.3",
        "@discordjs/formatters",
        "@discordjs/rest",
        "@discordjs/util",
        "@discordjs/ws",
        "@sapphire/snowflake",
        "discord-api-types",
        "fast-deep-equal",
        "lodash.snakecase",
        "magic-bytes.js",
        "tslib",
        "undici"
      ]
    },
    "env-paths@2.2.1": {
      "integrity": "sha512-+h1lkLKhZMTYjog1VEpJNG7NZJWcuc2DDk/qsqSTRRCOXiLjeQ1d1/udrUGhqMxUgAlwKNZ0cf2uqan5GLuS2A=="
    },
    "fast-deep-equal@3.1.3": {
      "integrity": "sha512-f3qQ9oQy9j2AhBe/H9VC91wLmKBCCU/gDOnKNAYG5hswO7BLKj09Hc5HYNz9cGI++xlpDCIgDaitVs03ATR84Q=="
    },
    "ffmpeg-static@5.3.0": {
      "integrity": "sha512-H+K6sW6TiIX6VGend0KQwthe+kaceeH/luE8dIZyOP35ik7ahYojDuqlTV1bOrtEwl01sy2HFNGQfi5IDJvotg==",
      "dependencies": [
        "@derhuerst/http-basic",
        "env-paths",
        "https-proxy-agent",
        "progress"
      ],
      "scripts": true
    },
    "http-response-object@3.0.2": {
      "integrity": "sha512-bqX0XTF6fnXSQcEJ2Iuyr75yVakyjIDCqroJQ/aHfSdlM743Cwqoi2nDYMzLGWUcuTWGWy8AAvOKXTfiv6q9RA==",
      "dependencies": [
        "@types/node"
      ]
    },
    "https-proxy-agent@5.0.1": {
      "integrity": "sha512-dFcAjpTQFgoLMzC2VwU+C/CbS7uRL0lWmxDITmqm7C+7F0Odmj6s9l6alZc6AELXhrnggM2CeWSXHGOdX2YtwA==",
      "dependencies": [
        "agent-base",
        "debug"
      ]
    },
    "inherits@2.0.4": {
      "integrity": "sha512-k/vGaX4/Yla3WzyMCvTQOXYeIHvqOKtnqBduzTHpzpQZzAskKMhZ2K+EnBiSM9zGSoIFeMpXKxa4dYeZIQqewQ=="
    },
    "lodash.snakecase@4.1.1": {
      "integrity": "sha512-QZ1d4xoBHYUeuouhEq3lk3Uq7ldgyFXGBhg04+oRLnIz8o9T65Eh+8YdroUwn846zchkA9yDsDl5CVVaV2nqYw=="
    },
    "lodash@4.17.21": {
      "integrity": "sha512-v2kDEe57lecTulaDIuNTPy3Ry4gLGJ6Z1O3vE1krgXZNrsQ+LFTGHVxVjcXPs17LhbZVGedAJv8XZ1tvj5FvSg=="
    },
    "magic-bytes.js@1.12.1": {
      "integrity": "sha512-ThQLOhN86ZkJ7qemtVRGYM+gRgR8GEXNli9H/PMvpnZsE44Xfh3wx9kGJaldg314v85m+bFW6WBMaVHJc/c3zA=="
    },
    "ms@2.1.3": {
      "integrity": "sha512-6FlzubTLZG3J2a/NVCAleEhjzq5oxgHyaCU9yYXvcLsvoVaHJq/s5xXI6/XXP6tz7R9xAOtHnSO/tXtF3WRTlA=="
    },
    "nan@2.24.0": {
      "integrity": "sha512-Vpf9qnVW1RaDkoNKFUvfxqAbtI8ncb8OJlqZ9wwpXzWPEsvsB1nvdUi6oYrHIkQ1Y/tMDnr1h4nczS0VB9Xykg=="
    },
    "node-addon-api@8.5.0": {
      "integrity": "sha512-/bRZty2mXUIFY/xU5HLvveNHlswNJej+RnxBjOMkidWfwZzgTbPG1E3K5TOxRLOR+5hX7bSofy8yf1hZevMS8A=="
    },
    "node-gyp-build@4.8.4": {
      "integrity": "sha512-LA4ZjwlnUblHVgq0oBF3Jl/6h/Nvs5fzBLwdEF4nuxnFdsfajde4WfxtJr3CaiH+F6ewcIB/q4jQ4UzPyid+CQ==",
      "bin": true
    },
    "parse-cache-control@1.0.1": {
      "integrity": "sha512-60zvsJReQPX5/QP0Kzfd/VrpjScIQ7SHBW6bFCYfEP+fp0Eppr1SHhIO5nd1PjZtvclzSzES9D/p5nFJurwfWg=="
    },
    "pg-cloudflare@1.3.0": {
      "integrity": "sha512-6lswVVSztmHiRtD6I8hw4qP/nDm1EJbKMRhf3HCYaqud7frGysPv7FYJ5noZQdhQtN2xJnimfMtvQq21pdbzyQ=="
    },
    "pg-connection-string@2.10.1": {
      "integrity": "sha512-iNzslsoeSH2/gmDDKiyMqF64DATUCWj3YJ0wP14kqcsf2TUklwimd+66yYojKwZCA7h2yRNLGug71hCBA2a4sw=="
    },
    "pg-int8@1.0.1": {
      "integrity": "sha512-WCtabS6t3c8SkpDBUlb1kjOs7l66xsGdKpIPZsg4wR+B3+u9UAum2odSsF9tnvxg80h4ZxLWMy4pRjOsFIqQpw=="
    },
    "pg-pool@3.11.0_pg@8.17.2": {
      "integrity": "sha512-MJYfvHwtGp870aeusDh+hg9apvOe2zmpZJpyt+BMtzUWlVqbhFmMK6bOBXLBUPd7iRtIF9fZplDc7KrPN3PN7w==",
      "dependencies": [
        "pg"
      ]
    },
    "pg-protocol@1.11.0": {
      "integrity": "sha512-pfsxk2M9M3BuGgDOfuy37VNRRX3jmKgMjcvAcWqNDpZSf4cUmv8HSOl5ViRQFsfARFn0KuUQTgLxVMbNq5NW3g=="
    },
    "pg-types@2.2.0": {
      "integrity": "sha512-qTAAlrEsl8s4OiEQY69wDvcMIdQN6wdz5ojQiOy6YRMuynxenON0O5oCpJI6lshc6scgAY8qvJ2On/p+CXY0GA==",
      "dependencies": [
        "pg-int8",
        "postgres-array",
        "postgres-bytea",
        "postgres-date",
        "postgres-interval"
      ]
    },
    "pg@8.17.2": {
      "integrity": "sha512-vjbKdiBJRqzcYw1fNU5KuHyYvdJ1qpcQg1CeBrHFqV1pWgHeVR6j/+kX0E1AAXfyuLUGY1ICrN2ELKA/z2HWzw==",
      "dependencies": [
        "pg-connection-string",
        "pg-pool",
        "pg-protocol",
        "pg-types",
        "pgpass"
      ],
      "optionalDependencies": [
        "pg-cloudflare"
      ]
    },
    "pgpass@1.0.5": {
      "integrity": "sha512-FdW9r/jQZhSeohs1Z3sI1yxFQNFvMcnmfuj4WBMUTxOrAyLMaTcE1aAMBiTlbMNaXvBCQuVi0R7hd8udDSP7ug==",
      "dependencies": [
        "split2"
      ]
    },
    "postgres-array@2.0.0": {
      "integrity": "sha512-VpZrUqU5A69eQyW2c5CA1jtLecCsN2U/bD6VilrFDWq5+5UIEVO7nazS3TEcHf1zuPYO/sqGvUvW62g86RXZuA=="
    },
    "postgres-bytea@1.0.0": {
      "integrity": "sha512-xy3pmLuQqRBZBXDULy7KbaitYqLcmxigw14Q5sj8QBVLqEwXfeybIKVWiqAXTlcvdvb0+xkOtDbfQMOf4lST1w=="
    },
    "postgres-date@1.0.7": {
      "integrity": "sha512-suDmjLVQg78nMK2UZ454hAG+OAW+HQPZ6n++TNDUX+L0+uUlLywnoxJKDou51Zm+zTCjrCl0Nq6J9C5hP9vK/Q=="
    },
    "postgres-interval@1.2.0": {
      "integrity": "sha512-9ZhXKM/rw350N1ovuWHbGxnGh/SNJ4cnxHiM0rxE4VN41wsg8P8zWn9hv/buK00RP4WvlOyr/RBDiptyxVbkZQ==",
      "dependencies": [
        "xtend"
      ]
    },
    "prism-media@1.3.5_ffmpeg-static@5.3.0": {
      "integrity": "sha512-IQdl0Q01m4LrkN1EGIE9lphov5Hy7WWlH6ulf5QdGePLlPas9p2mhgddTEHrlaXYjjFToM1/rWuwF37VF4taaA==",
      "dependencies": [
        "ffmpeg-static"
      ],
      "optionalPeers": [
        "ffmpeg-static"
      ]
    },
    "progress@2.0.3": {
      "integrity": "sha512-7PiHtLll5LdnKIMw100I+8xJXR5gW2QwWYkT6iJva0bXitZKa/XMrSbdmg3r2Xnaidz9Qumd0VPaMrZlF9V9sA=="
    },
    "readable-stream@3.6.2": {
      "integrity": "sha512-9u/sniCrY3D5WdsERHzHE4G2YCXqoG5FTHUiCC4SIbr6XcLZBY05ya9EKjYek9O5xOAwjGq+1JdGBAS7Q9ScoA==",
      "dependencies": [
        "inherits",
        "string_decoder",
        "util-deprecate"
      ]
    },
    "safe-buffer@5.2.1": {
      "integrity": "sha512-rp3So07KcdmmKbGvgaNxQSJr7bGVSVk5S9Eq1F+ppbRo70+YeaDxkw5Dd8NPN+GD6bjnYm2VuPuCXmpuYvmCXQ=="
    },
    "sodium@3.0.2": {
      "integrity": "sha512-IsTwTJeoNBU97km3XkrbCGC/n/9aUQejgD3QPr2YY2gtbSPru3TI6nhCqgoez9Mv88frF9oVZS/jrXFbd6WXyA==",
      "dependencies": [
        "node-addon-api"
      ],
      "scripts": true
    },
    "split2@4.2.0": {
      "integrity": "sha512-UcjcJOWknrNkF6PLX83qcHM6KHgVKNkV62Y8a5uYDVv9ydGQVwAHMKqHdJje1VTWpljG0WYpCDhrCdAOYH4TWg=="
    },
    "string_decoder@1.3.0": {
      "integrity": "sha512-hkRX8U1WjJFd8LsDJ2yQ/wWWxaopEsABU1XfkM8A+j0+85JAGppt16cr1Whg6KIbb4okU6Mql6BOj+uup/wKeA==",
      "dependencies": [
        "safe-buffer"
      ]
    },
    "ts-mixer@6.0.4": {
      "integrity": "sha512-ufKpbmrugz5Aou4wcr5Wc1UUFWOLhq+Fm6qa6P0w0K5Qw2yhaUoiWszhCVuNQyNwrlGiscHOmqYoAox1PtvgjA=="
    },
    "tslib@2.8.1": {
      "integrity": "sha512-oJFu94HQb+KVduSUQL7wnpmqnfmLsOA/nAh6b6EH0wCEoK0/mPeXU6c3wKDV83MkOuHPRHtSXKKU99IBazS/2w=="
    },
    "typedarray@0.0.6": {
      "integrity": "sha512-/aCDEGatGvZ2BIk+HmLf4ifCJFwvKFNb9/JeZPMulfgFracn9QFcAf5GO8B/mweUjSoblS5In0cWhqpfs/5PQA=="
    },
    "undici@6.21.3": {
      "integrity": "sha512-gBLkYIlEnSp8pFbT64yFgGE6UIB9tAkhukC23PmMDCe5Nd+cRqKxSjw5y54MK2AZMgZfJWMaNE4nYUHgi1XEOw=="
    },
    "util-deprecate@1.0.2": {
      "integrity": "sha512-EPD5q1uXyFxJpCrLnCc1nHnq3gOa6DZBocAIiI2TaSCA7VCJ1UJDMagCzIkXNsUYfD1daK//LTEQ8xiIbrHtcw=="
    },
    "ws@8.18.3_bufferutil@4.1.0": {
      "integrity": "sha512-PEIGCY5tSlUt50cqyMXfCzX+oOPqN0vuGqWzbcJ2xvnkzkq46oOpz7dQaTDBdfICb4N14+GARUDw2XV2N4tvzg==",
      "dependencies": [
        "bufferutil"
      ],
      "optionalPeers": [
        "bufferutil"
      ]
    },
    "xtend@4.0.2": {
      "integrity": "sha512-LKYU1iAXJXUgAXn9URjiu+MWhyUXHsvfp7mcuYm9dSUKK0/CjtrUwFAxD82/mCWbtLsGjFIad0wIsod4zrTAEQ=="
    },
    "zlib-sync@0.1.10": {
      "integrity": "sha512-t7/pYg5tLBznL1RuhmbAt8rNp5tbhr+TSrJFnMkRtrGIaPJZ6Dc0uR4u3OoQI2d6cGlVI62E3Gy6gwkxyIqr/w==",
      "dependencies": [
        "nan"
      ],
      "scripts": true
    }
  },
  "workspace": {
    "dependencies": [
      "jsr:@coven/terminal@~0.8.5",
      "jsr:@std/assert@^1.0.17",
      "jsr:@std/async@^1.1.0",
      "jsr:@std/dotenv@~0.225.6",
      "jsr:@std/fs@^1.0.22",
      "jsr:@std/path@^1.1.4",
      "npm:@discordjs/voice@0.19",
      "npm:@snazzah/davey@~0.1.9",
      "npm:@types/pg@^8.16.0",
      "npm:bufferutil@^4.1.0",
      "npm:discord.js@^14.25.1",
      "npm:ffmpeg-static@^5.3.0",
      "npm:pg@^8.17.2",
      "npm:sodium@^3.0.2",
      "npm:zlib-sync@~0.1.10"
    ]
  }
}
