{
  "version": "5",
  "specifiers": {
    "jsr:@std/assert@1": "1.0.16",
    "jsr:@std/async@^1.0.15": "1.0.15",
    "jsr:@std/dotenv@~0.225.5": "0.225.5",
    "jsr:@std/fs@^1.0.20": "1.0.20",
    "jsr:@std/internal@^1.0.12": "1.0.12",
    "jsr:@std/path@^1.1.3": "1.1.3",
    "npm:@discordjs/voice@0.19": "0.19.0_ffmpeg-static@5.3.0_bufferutil@4.0.9",
    "npm:@snazzah/davey@~0.1.8": "0.1.8",
    "npm:@types/node@*": "24.2.0",
    "npm:@types/pg@^8.15.6": "8.15.6",
    "npm:bufferutil@^4.0.9": "4.0.9",
    "npm:discord.js@^14.25.1": "14.25.1_bufferutil@4.0.9",
    "npm:pg@^8.16.3": "8.16.3",
    "npm:sodium-native@^5.0.10": "5.0.10",
    "npm:zlib-sync@~0.1.10": "0.1.10"
  },
  "jsr": {
    "@std/assert@1.0.16": {
      "integrity": "6a7272ed1eaa77defe76e5ff63ca705d9c495077e2d5fd0126d2b53fc5bd6532",
      "dependencies": [
        "jsr:@std/internal"
      ]
    },
    "@std/async@1.0.15": {
      "integrity": "55d1d9d04f99403fe5730ab16bdcc3c47f658a6bf054cafb38a50f046238116e"
    },
    "@std/dotenv@0.225.5": {
      "integrity": "9ce6f9d0ec3311f74a32535aa1b8c62ed88b1ab91b7f0815797d77a6f60c922f"
    },
    "@std/fs@1.0.20": {
      "integrity": "e953206aae48d46ee65e8783ded459f23bec7dd1f3879512911c35e5484ea187",
      "dependencies": [
        "jsr:@std/internal",
        "jsr:@std/path"
      ]
    },
    "@std/internal@1.0.12": {
      "integrity": "972a634fd5bc34b242024402972cd5143eac68d8dffaca5eaa4dba30ce17b027"
    },
    "@std/path@1.1.3": {
      "integrity": "b015962d82a5e6daea980c32b82d2c40142149639968549c649031a230b1afb3",
      "dependencies": [
        "jsr:@std/internal"
      ]
    }
  },
  "npm": {
    "@derhuerst/http-basic@8.2.4": {
      "integrity": "sha512-F9rL9k9Xjf5blCz8HsJRO4diy111cayL2vkY2XE4r4t3n0yPXVYy3KD3nJ1qbrSn9743UWSXH4IwuCa/HWlGFw==",
      "dependencies": [
        "caseless",
        "concat-stream",
        "http-response-object",
        "parse-cache-control"
      ]
    },
    "@discordjs/builders@1.13.1": {
      "integrity": "sha512-cOU0UDHc3lp/5nKByDxkmRiNZBpdp0kx55aarbiAfakfKJHlxv/yFW1zmIqCAmwH5CRlrH9iMFKJMpvW4DPB+w==",
      "dependencies": [
        "@discordjs/formatters",
        "@discordjs/util",
        "@sapphire/shapeshift",
        "discord-api-types",
        "fast-deep-equal",
        "ts-mixer",
        "tslib"
      ]
    },
    "@discordjs/collection@1.5.3": {
      "integrity": "sha512-SVb428OMd3WO1paV3rm6tSjM4wC+Kecaa1EUGX7vc6/fddvw/6lg90z4QtCqm21zvVe92vMMDt9+DkIvjXImQQ=="
    },
    "@discordjs/collection@2.1.1": {
      "integrity": "sha512-LiSusze9Tc7qF03sLCujF5iZp7K+vRNEDBZ86FT9aQAv3vxMLihUvKvpsCWiQ2DJq1tVckopKm1rxomgNUc9hg=="
    },
    "@discordjs/formatters@0.6.2": {
      "integrity": "sha512-y4UPwWhH6vChKRkGdMB4odasUbHOUwy7KL+OVwF86PvT6QVOwElx+TiI1/6kcmcEe+g5YRXJFiXSXUdabqZOvQ==",
      "dependencies": [
        "discord-api-types"
      ]
    },
    "@discordjs/rest@2.6.0": {
      "integrity": "sha512-RDYrhmpB7mTvmCKcpj+pc5k7POKszS4E2O9TYc+U+Y4iaCP+r910QdO43qmpOja8LRr1RJ0b3U+CqVsnPqzf4w==",
      "dependencies": [
        "@discordjs/collection@2.1.1",
        "@discordjs/util",
        "@sapphire/async-queue",
        "@sapphire/snowflake",
        "@vladfrangu/async_event_emitter",
        "discord-api-types",
        "magic-bytes.js",
        "tslib",
        "undici"
      ]
    },
    "@discordjs/util@1.2.0": {
      "integrity": "sha512-3LKP7F2+atl9vJFhaBjn4nOaSWahZ/yWjOvA4e5pnXkt2qyXRCHLxoBQy81GFtLGCq7K9lPm9R517M1U+/90Qg==",
      "dependencies": [
        "discord-api-types"
      ]
    },
    "@discordjs/voice@0.19.0_ffmpeg-static@5.3.0_bufferutil@4.0.9": {
      "integrity": "sha512-UyX6rGEXzVyPzb1yvjHtPfTlnLvB5jX/stAMdiytHhfoydX+98hfympdOwsnTktzr+IRvphxTbdErgYDJkEsvw==",
      "dependencies": [
        "@types/ws",
        "discord-api-types",
        "prism-media",
        "tslib",
        "ws"
      ]
    },
    "@discordjs/ws@1.2.3_bufferutil@4.0.9": {
      "integrity": "sha512-wPlQDxEmlDg5IxhJPuxXr3Vy9AjYq5xCvFWGJyD7w7Np8ZGu+Mc+97LCoEc/+AYCo2IDpKioiH0/c/mj5ZR9Uw==",
      "dependencies": [
        "@discordjs/collection@2.1.1",
        "@discordjs/rest",
        "@discordjs/util",
        "@sapphire/async-queue",
        "@types/ws",
        "@vladfrangu/async_event_emitter",
        "discord-api-types",
        "tslib",
        "ws"
      ]
    },
    "@emnapi/core@1.7.0": {
      "integrity": "sha512-pJdKGq/1iquWYtv1RRSljZklxHCOCAJFJrImO5ZLKPJVJlVUcs8yFwNQlqS0Lo8xT1VAXXTCZocF9n26FWEKsw==",
      "dependencies": [
        "@emnapi/wasi-threads",
        "tslib"
      ]
    },
    "@emnapi/runtime@1.7.0": {
      "integrity": "sha512-oAYoQnCYaQZKVS53Fq23ceWMRxq5EhQsE0x0RdQ55jT7wagMu5k+fS39v1fiSLrtrLQlXwVINenqhLMtTrV/1Q==",
      "dependencies": [
        "tslib"
      ]
    },
    "@emnapi/wasi-threads@1.1.0": {
      "integrity": "sha512-WI0DdZ8xFSbgMjR1sFsKABJ/C5OnRrjT06JXbZKexJGrDuPTzZdDYfFlsgcCXCyf+suG5QU2e/y1Wo2V/OapLQ==",
      "dependencies": [
        "tslib"
      ]
    },
    "@napi-rs/wasm-runtime@1.0.7": {
      "integrity": "sha512-SeDnOO0Tk7Okiq6DbXmmBODgOAb9dp9gjlphokTUxmt8U3liIP1ZsozBahH69j/RJv+Rfs6IwUKHTgQYJ/HBAw==",
      "dependencies": [
        "@emnapi/core",
        "@emnapi/runtime",
        "@tybys/wasm-util"
      ]
    },
    "@sapphire/async-queue@1.5.5": {
      "integrity": "sha512-cvGzxbba6sav2zZkH8GPf2oGk9yYoD5qrNWdu9fRehifgnFZJMV+nuy2nON2roRO4yQQ+v7MK/Pktl/HgfsUXg=="
    },
    "@sapphire/shapeshift@4.0.0": {
      "integrity": "sha512-d9dUmWVA7MMiKobL3VpLF8P2aeanRTu6ypG2OIaEv/ZHH/SUQ2iHOVyi5wAPjQ+HmnMuL0whK9ez8I/raWbtIg==",
      "dependencies": [
        "fast-deep-equal",
        "lodash"
      ]
    },
    "@sapphire/snowflake@3.5.3": {
      "integrity": "sha512-jjmJywLAFoWeBi1W7994zZyiNWPIiqRRNAmSERxyg93xRGzNYvGjlZ0gR6x0F4gPRi2+0O6S71kOZYyr3cxaIQ=="
    },
    "@snazzah/davey-android-arm-eabi@0.1.8": {
      "integrity": "sha512-kRrrU2AldUEG8+Qqj+d5bofm1xzHEX2e657TFHOzKXObU7igqINFL61opcb30cMHcnMTGthV3bFFlh6ky0xrqw==",
      "os": ["android"],
      "cpu": ["arm"]
    },
    "@snazzah/davey-android-arm64@0.1.8": {
      "integrity": "sha512-ttGznhY/vy0aUI+wwvt9Ati0U4gujKKjVwBOaOY6Ug+DKaPIc3Sah73XMXoX9QB9TyUBkH7lxvhpI+VneIcg4w==",
      "os": ["android"],
      "cpu": ["arm64"]
    },
    "@snazzah/davey-darwin-arm64@0.1.8": {
      "integrity": "sha512-c75j0DuAWZ20XgaTVCXzks2Gl9L0+dC0ID1NSdvoOqBRCphjHBUSf1te2hdWJKI3Dq1uPaJ00JL6fYUkpb+Wxw==",
      "os": ["darwin"],
      "cpu": ["arm64"]
    },
    "@snazzah/davey-darwin-x64@0.1.8": {
      "integrity": "sha512-/SAvTmkEc73R4JSAfwVGMcVzwtjvmduaZHWnF49fCO1iFGR688U8k4W1obM9JkaNoLg4LPvU4HGMuDvfxh/gUA==",
      "os": ["darwin"],
      "cpu": ["x64"]
    },
    "@snazzah/davey-freebsd-x64@0.1.8": {
      "integrity": "sha512-91gPSY0gcbq/o7yqpBfWyrck7yZ4nciH3LJlk55tpC+NExedWUtH2HvsqVqqoS8TmNu+1msT0+5nJsq65flWPQ==",
      "os": ["freebsd"],
      "cpu": ["x64"]
    },
    "@snazzah/davey-linux-arm-gnueabihf@0.1.8": {
      "integrity": "sha512-nJQOsykF5XFngsxxv6zKQX0bPfqE2YotlcPajHKVR7COSbrYgFXZ+Cck+nILiDqpCU+4fk7ae+8Knx181qbWYg==",
      "os": ["linux"],
      "cpu": ["arm"]
    },
    "@snazzah/davey-linux-arm64-gnu@0.1.8": {
      "integrity": "sha512-IaALezD2F3Qt2n1GL5Wm2aQEjeiJI6gzSEhEHYiqyZUM/LygCyRXSDkoPAvHGuu3Xwy5m58Z20pfukxA49xbGQ==",
      "os": ["linux"],
      "cpu": ["arm64"]
    },
    "@snazzah/davey-linux-arm64-musl@0.1.8": {
      "integrity": "sha512-OhEwQmZ/ntiqHoSAxRe1qVfELdKMREqwlf52vhPMFVa4XNyT6jNYXGanTMjYX2+jhH9SlJ7cqsADm1VFvjRnGA==",
      "os": ["linux"],
      "cpu": ["arm64"]
    },
    "@snazzah/davey-linux-x64-gnu@0.1.8": {
      "integrity": "sha512-yghgG7iXZUHy734Cq3PcgrbRnLhhB233JNTX5VPRxRqdwFAg2MzAJ2iSWpP12K6hSqKq9hw0sdt8CNpr0mEXjQ==",
      "os": ["linux"],
      "cpu": ["x64"]
    },
    "@snazzah/davey-linux-x64-musl@0.1.8": {
      "integrity": "sha512-WwCiAge27ZOEu7NRx5NFjpCAkGcUGHGtoROBY4ElRYE0Tp3DfuzWU06qSu6JBQPlzhTTBN29X2/kGP8iRUwqnQ==",
      "os": ["linux"],
      "cpu": ["x64"]
    },
    "@snazzah/davey-wasm32-wasi@0.1.8": {
      "integrity": "sha512-VAUY6eMhiS4HkHDh0SCjVbwf2SUR/cHs0IzS02p4lYwuUaqPFQnraxMNZ6R2MNOK8NmtPbCpWvi7kYMxMJuL2A==",
      "dependencies": [
        "@napi-rs/wasm-runtime"
      ],
      "cpu": ["wasm32"]
    },
    "@snazzah/davey-win32-arm64-msvc@0.1.8": {
      "integrity": "sha512-4ZcEhyfuRH+ni4pHBrgm+2zumwgaac5+OGOKHEGezJmUd3omn/iKpcj9Z0+Y9qQ8UGslzBrgesW46ENXoOfv2Q==",
      "os": ["win32"],
      "cpu": ["arm64"]
    },
    "@snazzah/davey-win32-ia32-msvc@0.1.8": {
      "integrity": "sha512-znL43C+hxocxLgk/zbgCukOSNW14HYQE5G6fNeWtANHVCstkTN7hrJVbZfBnuKD+Jw1RbCs4gxLsYja1n1iZnA==",
      "os": ["win32"],
      "cpu": ["ia32"]
    },
    "@snazzah/davey-win32-x64-msvc@0.1.8": {
      "integrity": "sha512-JKIco1miwtM4NgVwU/H9TJdUaSlJ+kdtydy3+tiV9cmJv0u1SM2NpwjV85H44xAQWW2zcRBHP0ZDriciHw09qQ==",
      "os": ["win32"],
      "cpu": ["x64"]
    },
    "@snazzah/davey@0.1.8": {
      "integrity": "sha512-f4NkCtU/4r9DUohp636qkZkxCF19v8Xq6W/1m4IKY2emZm+M2IdhWIv4GQxog2bQBWLNRRLD4DNM/UXEUb8W/A==",
      "optionalDependencies": [
        "@snazzah/davey-android-arm-eabi",
        "@snazzah/davey-android-arm64",
        "@snazzah/davey-darwin-arm64",
        "@snazzah/davey-darwin-x64",
        "@snazzah/davey-freebsd-x64",
        "@snazzah/davey-linux-arm-gnueabihf",
        "@snazzah/davey-linux-arm64-gnu",
        "@snazzah/davey-linux-arm64-musl",
        "@snazzah/davey-linux-x64-gnu",
        "@snazzah/davey-linux-x64-musl",
        "@snazzah/davey-wasm32-wasi",
        "@snazzah/davey-win32-arm64-msvc",
        "@snazzah/davey-win32-ia32-msvc",
        "@snazzah/davey-win32-x64-msvc"
      ]
    },
    "@tybys/wasm-util@0.10.1": {
      "integrity": "sha512-9tTaPJLSiejZKx+Bmog4uSubteqTvFrVrURwkmHixBo0G4seD0zUxp98E1DzUBJxLQ3NPwXrGKDiVjwx/DpPsg==",
      "dependencies": [
        "tslib"
      ]
    },
    "@types/node@10.17.60": {
      "integrity": "sha512-F0KIgDJfy2nA3zMLmWGKxcH2ZVEtCZXHHdOQs2gSaQ27+lNeEfGxzkIw90aXswATX7AZ33tahPbzy6KAfUreVw=="
    },
    "@types/node@24.2.0": {
      "integrity": "sha512-3xyG3pMCq3oYCNg7/ZP+E1ooTaGB4cG8JWRsqqOYQdbWNY4zbaV0Ennrd7stjiJEFZCaybcIgpTjJWHRfBSIDw==",
      "dependencies": [
        "undici-types"
      ]
    },
    "@types/pg@8.15.6": {
      "integrity": "sha512-NoaMtzhxOrubeL/7UZuNTrejB4MPAJ0RpxZqXQf2qXuVlTPuG6Y8p4u9dKRaue4yjmC7ZhzVO2/Yyyn25znrPQ==",
      "dependencies": [
        "@types/node@24.2.0",
        "pg-protocol",
        "pg-types"
      ]
    },
    "@types/ws@8.18.1": {
      "integrity": "sha512-ThVF6DCVhA8kUGy+aazFQ4kXQ7E1Ty7A3ypFOe0IcJV8O/M511G99AW24irKrW56Wt44yG9+ij8FaqoBGkuBXg==",
      "dependencies": [
        "@types/node@24.2.0"
      ]
    },
    "@vladfrangu/async_event_emitter@2.4.7": {
      "integrity": "sha512-Xfe6rpCTxSxfbswi/W/Pz7zp1WWSNn4A0eW4mLkQUewCrXXtMj31lCg+iQyTkh/CkusZSq9eDflu7tjEDXUY6g=="
    },
    "agent-base@6.0.2": {
      "integrity": "sha512-RZNwNclF7+MS/8bDg70amg32dyeZGZxiDuQmZxKLAlQjr3jGyLx+4Kkk58UO7D2QdgFIQCovuSuZESne6RG6XQ==",
      "dependencies": [
        "debug"
      ]
    },
    "bare-addon-resolve@1.9.6": {
      "integrity": "sha512-hvOQY1zDK6u0rSr27T6QlULoVLwi8J2k8HHHJlxSfT7XQdQ/7bsS+AnjYkHtu/TkL+gm3aMXAKucJkJAbrDG/g==",
      "dependencies": [
        "bare-module-resolve",
        "bare-semver"
      ]
    },
    "bare-module-resolve@1.12.0": {
      "integrity": "sha512-JrzrqlC3Tds0iKRwQs8xIIJ+FRieKA9ll0jaqpotDLZtjJPVevzRoeuUYZ5GIo1t1z7/pIRdk85Q3i/2xQLfEQ==",
      "dependencies": [
        "bare-semver"
      ]
    },
    "bare-semver@1.0.2": {
      "integrity": "sha512-ESVaN2nzWhcI5tf3Zzcq9aqCZ676VWzqw07eEZ0qxAcEOAFYBa0pWq8sK34OQeHLY3JsfKXZS9mDyzyxGjeLzA=="
    },
    "buffer-from@1.1.2": {
      "integrity": "sha512-E+XQCRwSbaaiChtv6k6Dwgc+bx+Bs6vuKJHHl5kox/BaKbhiXzqQOwK4cO22yElGp2OCmjwVhT3HmxgyPGnJfQ=="
    },
    "bufferutil@4.0.9": {
      "integrity": "sha512-WDtdLmJvAuNNPzByAYpRo2rF1Mmradw6gvWsQKf63476DDXmomT9zUiGypLcG4ibIM67vhAj8jJRdbmEws2Aqw==",
      "dependencies": [
        "node-gyp-build"
      ],
      "scripts": true
    },
    "caseless@0.12.0": {
      "integrity": "sha512-4tYFyifaFfGacoiObjJegolkwSU4xQNGbVgUiNYVUxbQ2x2lUsFvY4hVgVzGiIe6WLOPqycWXA40l+PWsxthUw=="
    },
    "concat-stream@2.0.0": {
      "integrity": "sha512-MWufYdFw53ccGjCA+Ol7XJYpAlW6/prSMzuPOTRnJGcGzuhLn4Scrz7qf6o8bROZ514ltazcIFJZevcfbo0x7A==",
      "dependencies": [
        "buffer-from",
        "inherits",
        "readable-stream",
        "typedarray"
      ]
    },
    "debug@4.4.3": {
      "integrity": "sha512-RGwwWnwQvkVfavKVt22FGLw+xYSdzARwm0ru6DhTVA3umU5hZc28V3kO4stgYryrTlLpuvgI9GiijltAjNbcqA==",
      "dependencies": [
        "ms"
      ]
    },
    "discord-api-types@0.38.36": {
      "integrity": "sha512-qrbUbjjwtyeBg5HsAlm1C859epfOyiLjPqAOzkdWlCNsZCWJrertnETF/NwM8H+waMFU58xGSc5eXUfXah+WTQ=="
    },
    "discord.js@14.25.1_bufferutil@4.0.9": {
      "integrity": "sha512-2l0gsPOLPs5t6GFZfQZKnL1OJNYFcuC/ETWsW4VtKVD/tg4ICa9x+jb9bkPffkMdRpRpuUaO/fKkHCBeiCKh8g==",
      "dependencies": [
        "@discordjs/builders",
        "@discordjs/collection@1.5.3",
        "@discordjs/formatters",
        "@discordjs/rest",
        "@discordjs/util",
        "@discordjs/ws",
        "@sapphire/snowflake",
        "discord-api-types",
        "fast-deep-equal",
        "lodash.snakecase",
        "magic-bytes.js",
        "tslib",
        "undici"
      ]
    },
    "env-paths@2.2.1": {
      "integrity": "sha512-+h1lkLKhZMTYjog1VEpJNG7NZJWcuc2DDk/qsqSTRRCOXiLjeQ1d1/udrUGhqMxUgAlwKNZ0cf2uqan5GLuS2A=="
    },
    "fast-deep-equal@3.1.3": {
      "integrity": "sha512-f3qQ9oQy9j2AhBe/H9VC91wLmKBCCU/gDOnKNAYG5hswO7BLKj09Hc5HYNz9cGI++xlpDCIgDaitVs03ATR84Q=="
    },
    "ffmpeg-static@5.3.0": {
      "integrity": "sha512-H+K6sW6TiIX6VGend0KQwthe+kaceeH/luE8dIZyOP35ik7ahYojDuqlTV1bOrtEwl01sy2HFNGQfi5IDJvotg==",
      "dependencies": [
        "@derhuerst/http-basic",
        "env-paths",
        "https-proxy-agent",
        "progress"
      ],
      "scripts": true
    },
    "http-response-object@3.0.2": {
      "integrity": "sha512-bqX0XTF6fnXSQcEJ2Iuyr75yVakyjIDCqroJQ/aHfSdlM743Cwqoi2nDYMzLGWUcuTWGWy8AAvOKXTfiv6q9RA==",
      "dependencies": [
        "@types/node@10.17.60"
      ]
    },
    "https-proxy-agent@5.0.1": {
      "integrity": "sha512-dFcAjpTQFgoLMzC2VwU+C/CbS7uRL0lWmxDITmqm7C+7F0Odmj6s9l6alZc6AELXhrnggM2CeWSXHGOdX2YtwA==",
      "dependencies": [
        "agent-base",
        "debug"
      ]
    },
    "inherits@2.0.4": {
      "integrity": "sha512-k/vGaX4/Yla3WzyMCvTQOXYeIHvqOKtnqBduzTHpzpQZzAskKMhZ2K+EnBiSM9zGSoIFeMpXKxa4dYeZIQqewQ=="
    },
    "lodash.snakecase@4.1.1": {
      "integrity": "sha512-QZ1d4xoBHYUeuouhEq3lk3Uq7ldgyFXGBhg04+oRLnIz8o9T65Eh+8YdroUwn846zchkA9yDsDl5CVVaV2nqYw=="
    },
    "lodash@4.17.21": {
      "integrity": "sha512-v2kDEe57lecTulaDIuNTPy3Ry4gLGJ6Z1O3vE1krgXZNrsQ+LFTGHVxVjcXPs17LhbZVGedAJv8XZ1tvj5FvSg=="
    },
    "magic-bytes.js@1.12.1": {
      "integrity": "sha512-ThQLOhN86ZkJ7qemtVRGYM+gRgR8GEXNli9H/PMvpnZsE44Xfh3wx9kGJaldg314v85m+bFW6WBMaVHJc/c3zA=="
    },
    "ms@2.1.3": {
      "integrity": "sha512-6FlzubTLZG3J2a/NVCAleEhjzq5oxgHyaCU9yYXvcLsvoVaHJq/s5xXI6/XXP6tz7R9xAOtHnSO/tXtF3WRTlA=="
    },
    "nan@2.24.0": {
      "integrity": "sha512-Vpf9qnVW1RaDkoNKFUvfxqAbtI8ncb8OJlqZ9wwpXzWPEsvsB1nvdUi6oYrHIkQ1Y/tMDnr1h4nczS0VB9Xykg=="
    },
    "node-gyp-build@4.8.4": {
      "integrity": "sha512-LA4ZjwlnUblHVgq0oBF3Jl/6h/Nvs5fzBLwdEF4nuxnFdsfajde4WfxtJr3CaiH+F6ewcIB/q4jQ4UzPyid+CQ==",
      "bin": true
    },
    "parse-cache-control@1.0.1": {
      "integrity": "sha512-60zvsJReQPX5/QP0Kzfd/VrpjScIQ7SHBW6bFCYfEP+fp0Eppr1SHhIO5nd1PjZtvclzSzES9D/p5nFJurwfWg=="
    },
    "pg-cloudflare@1.2.7": {
      "integrity": "sha512-YgCtzMH0ptvZJslLM1ffsY4EuGaU0cx4XSdXLRFae8bPP4dS5xL1tNB3k2o/N64cHJpwU7dxKli/nZ2lUa5fLg=="
    },
    "pg-connection-string@2.9.1": {
      "integrity": "sha512-nkc6NpDcvPVpZXxrreI/FOtX3XemeLl8E0qFr6F2Lrm/I8WOnaWNhIPK2Z7OHpw7gh5XJThi6j6ppgNoaT1w4w=="
    },
    "pg-int8@1.0.1": {
      "integrity": "sha512-WCtabS6t3c8SkpDBUlb1kjOs7l66xsGdKpIPZsg4wR+B3+u9UAum2odSsF9tnvxg80h4ZxLWMy4pRjOsFIqQpw=="
    },
    "pg-pool@3.10.1_pg@8.16.3": {
      "integrity": "sha512-Tu8jMlcX+9d8+QVzKIvM/uJtp07PKr82IUOYEphaWcoBhIYkoHpLXN3qO59nAI11ripznDsEzEv8nUxBVWajGg==",
      "dependencies": [
        "pg"
      ]
    },
    "pg-protocol@1.10.3": {
      "integrity": "sha512-6DIBgBQaTKDJyxnXaLiLR8wBpQQcGWuAESkRBX/t6OwA8YsqP+iVSiond2EDy6Y/dsGk8rh/jtax3js5NeV7JQ=="
    },
    "pg-types@2.2.0": {
      "integrity": "sha512-qTAAlrEsl8s4OiEQY69wDvcMIdQN6wdz5ojQiOy6YRMuynxenON0O5oCpJI6lshc6scgAY8qvJ2On/p+CXY0GA==",
      "dependencies": [
        "pg-int8",
        "postgres-array",
        "postgres-bytea",
        "postgres-date",
        "postgres-interval"
      ]
    },
    "pg@8.16.3": {
      "integrity": "sha512-enxc1h0jA/aq5oSDMvqyW3q89ra6XIIDZgCX9vkMrnz5DFTw/Ny3Li2lFQ+pt3L6MCgm/5o2o8HW9hiJji+xvw==",
      "dependencies": [
        "pg-connection-string",
        "pg-pool",
        "pg-protocol",
        "pg-types",
        "pgpass"
      ],
      "optionalDependencies": [
        "pg-cloudflare"
      ]
    },
    "pgpass@1.0.5": {
      "integrity": "sha512-FdW9r/jQZhSeohs1Z3sI1yxFQNFvMcnmfuj4WBMUTxOrAyLMaTcE1aAMBiTlbMNaXvBCQuVi0R7hd8udDSP7ug==",
      "dependencies": [
        "split2"
      ]
    },
    "postgres-array@2.0.0": {
      "integrity": "sha512-VpZrUqU5A69eQyW2c5CA1jtLecCsN2U/bD6VilrFDWq5+5UIEVO7nazS3TEcHf1zuPYO/sqGvUvW62g86RXZuA=="
    },
    "postgres-bytea@1.0.0": {
      "integrity": "sha512-xy3pmLuQqRBZBXDULy7KbaitYqLcmxigw14Q5sj8QBVLqEwXfeybIKVWiqAXTlcvdvb0+xkOtDbfQMOf4lST1w=="
    },
    "postgres-date@1.0.7": {
      "integrity": "sha512-suDmjLVQg78nMK2UZ454hAG+OAW+HQPZ6n++TNDUX+L0+uUlLywnoxJKDou51Zm+zTCjrCl0Nq6J9C5hP9vK/Q=="
    },
    "postgres-interval@1.2.0": {
      "integrity": "sha512-9ZhXKM/rw350N1ovuWHbGxnGh/SNJ4cnxHiM0rxE4VN41wsg8P8zWn9hv/buK00RP4WvlOyr/RBDiptyxVbkZQ==",
      "dependencies": [
        "xtend"
      ]
    },
    "prism-media@1.3.5_ffmpeg-static@5.3.0": {
      "integrity": "sha512-IQdl0Q01m4LrkN1EGIE9lphov5Hy7WWlH6ulf5QdGePLlPas9p2mhgddTEHrlaXYjjFToM1/rWuwF37VF4taaA==",
      "dependencies": [
        "ffmpeg-static"
      ],
      "optionalPeers": [
        "ffmpeg-static"
      ]
    },
    "progress@2.0.3": {
      "integrity": "sha512-7PiHtLll5LdnKIMw100I+8xJXR5gW2QwWYkT6iJva0bXitZKa/XMrSbdmg3r2Xnaidz9Qumd0VPaMrZlF9V9sA=="
    },
    "readable-stream@3.6.2": {
      "integrity": "sha512-9u/sniCrY3D5WdsERHzHE4G2YCXqoG5FTHUiCC4SIbr6XcLZBY05ya9EKjYek9O5xOAwjGq+1JdGBAS7Q9ScoA==",
      "dependencies": [
        "inherits",
        "string_decoder",
        "util-deprecate"
      ]
    },
    "require-addon@1.2.0": {
      "integrity": "sha512-VNPDZlYgIYQwWp9jMTzljx+k0ZtatKlcvOhktZ/anNPI3dQ9NXk7cq2U4iJ1wd9IrytRnYhyEocFWbkdPb+MYA==",
      "dependencies": [
        "bare-addon-resolve"
      ]
    },
    "safe-buffer@5.2.1": {
      "integrity": "sha512-rp3So07KcdmmKbGvgaNxQSJr7bGVSVk5S9Eq1F+ppbRo70+YeaDxkw5Dd8NPN+GD6bjnYm2VuPuCXmpuYvmCXQ=="
    },
    "sodium-native@5.0.10": {
      "integrity": "sha512-UIw+0AbpCQRuTJF88JWrZomP4O+PXhlWvdopiAJOsUivTyHTf3korMyStxkZuPngSbBEtEfDdc4ewEd8/T4/lA==",
      "dependencies": [
        "require-addon",
        "which-runtime"
      ]
    },
    "split2@4.2.0": {
      "integrity": "sha512-UcjcJOWknrNkF6PLX83qcHM6KHgVKNkV62Y8a5uYDVv9ydGQVwAHMKqHdJje1VTWpljG0WYpCDhrCdAOYH4TWg=="
    },
    "string_decoder@1.3.0": {
      "integrity": "sha512-hkRX8U1WjJFd8LsDJ2yQ/wWWxaopEsABU1XfkM8A+j0+85JAGppt16cr1Whg6KIbb4okU6Mql6BOj+uup/wKeA==",
      "dependencies": [
        "safe-buffer"
      ]
    },
    "ts-mixer@6.0.4": {
      "integrity": "sha512-ufKpbmrugz5Aou4wcr5Wc1UUFWOLhq+Fm6qa6P0w0K5Qw2yhaUoiWszhCVuNQyNwrlGiscHOmqYoAox1PtvgjA=="
    },
    "tslib@2.8.1": {
      "integrity": "sha512-oJFu94HQb+KVduSUQL7wnpmqnfmLsOA/nAh6b6EH0wCEoK0/mPeXU6c3wKDV83MkOuHPRHtSXKKU99IBazS/2w=="
    },
    "typedarray@0.0.6": {
      "integrity": "sha512-/aCDEGatGvZ2BIk+HmLf4ifCJFwvKFNb9/JeZPMulfgFracn9QFcAf5GO8B/mweUjSoblS5In0cWhqpfs/5PQA=="
    },
    "undici-types@7.10.0": {
      "integrity": "sha512-t5Fy/nfn+14LuOc2KNYg75vZqClpAiqscVvMygNnlsHBFpSXdJaYtXMcdNLpl/Qvc3P2cB3s6lOV51nqsFq4ag=="
    },
    "undici@6.21.3": {
      "integrity": "sha512-gBLkYIlEnSp8pFbT64yFgGE6UIB9tAkhukC23PmMDCe5Nd+cRqKxSjw5y54MK2AZMgZfJWMaNE4nYUHgi1XEOw=="
    },
    "util-deprecate@1.0.2": {
      "integrity": "sha512-EPD5q1uXyFxJpCrLnCc1nHnq3gOa6DZBocAIiI2TaSCA7VCJ1UJDMagCzIkXNsUYfD1daK//LTEQ8xiIbrHtcw=="
    },
    "which-runtime@1.3.2": {
      "integrity": "sha512-5kwCfWml7+b2NO7KrLMhYihjRx0teKkd3yGp1Xk5Vaf2JGdSh+rgVhEALAD9c/59dP+YwJHXoEO7e8QPy7gOkw=="
    },
    "ws@8.18.3_bufferutil@4.0.9": {
      "integrity": "sha512-PEIGCY5tSlUt50cqyMXfCzX+oOPqN0vuGqWzbcJ2xvnkzkq46oOpz7dQaTDBdfICb4N14+GARUDw2XV2N4tvzg==",
      "dependencies": [
        "bufferutil"
      ],
      "optionalPeers": [
        "bufferutil"
      ]
    },
    "xtend@4.0.2": {
      "integrity": "sha512-LKYU1iAXJXUgAXn9URjiu+MWhyUXHsvfp7mcuYm9dSUKK0/CjtrUwFAxD82/mCWbtLsGjFIad0wIsod4zrTAEQ=="
    },
    "zlib-sync@0.1.10": {
      "integrity": "sha512-t7/pYg5tLBznL1RuhmbAt8rNp5tbhr+TSrJFnMkRtrGIaPJZ6Dc0uR4u3OoQI2d6cGlVI62E3Gy6gwkxyIqr/w==",
      "dependencies": [
        "nan"
      ],
      "scripts": true
    }
  },
  "workspace": {
    "dependencies": [
      "jsr:@std/assert@1",
      "jsr:@std/async@^1.0.15",
      "jsr:@std/dotenv@~0.225.5",
      "jsr:@std/fs@^1.0.20",
      "jsr:@std/path@^1.1.3",
      "npm:@discordjs/voice@0.19",
      "npm:@snazzah/davey@~0.1.8",
      "npm:@types/pg@^8.15.6",
      "npm:bufferutil@^4.0.9",
      "npm:discord.js@^14.25.1",
      "npm:pg@^8.16.3",
      "npm:sodium-native@^5.0.10",
      "npm:zlib-sync@~0.1.10"
    ]
  }
}
